
Microsoft Visual Studio Solution File, Format Version 12.00
# Visual Studio 2012
Project("{FAE04EC0-301F-11D3-BF4B-00C04F79EFBC}") = "LangageObjCours1", "LangageObjCours1\LangageObjCours1.csproj", "{CC4BC6DC-71FB-4402-9325-9FB30CB5AABF}"
EndProject
Project("{FAE04EC0-301F-11D3-BF4B-00C04F79EFBC}") = "TestLOCours1", "TestLOCours1\TestLOCours1.csproj", "{EC093A06-3A4A-4225-BE70-38CE4954FD6F}"
EndProject
Global
	GlobalSection(SolutionConfigurationPlatforms) = preSolution
		Debug|Any CPU = Debug|Any CPU
		Release|Any CPU = Release|Any CPU
	EndGlobalSection
	GlobalSection(ProjectConfigurationPlatforms) = postSolution
		{CC4BC6DC-71FB-4402-9325-9FB30CB5AABF}.Debug|Any CPU.ActiveCfg = Debug|Any CPU
		{CC4BC6DC-71FB-4402-9325-9FB30CB5AABF}.Debug|Any CPU.Build.0 = Debug|Any CPU
		{CC4BC6DC-71FB-4402-9325-9FB30CB5AABF}.Release|Any CPU.ActiveCfg = Release|Any CPU
		{CC4BC6DC-71FB-4402-9325-9FB30CB5AABF}.Release|Any CPU.Build.0 = Release|Any CPU
		{EC093A06-3A4A-4225-BE70-38CE4954FD6F}.Debug|Any CPU.ActiveCfg = Debug|Any CPU
		{EC093A06-3A4A-4225-BE70-38CE4954FD6F}.Debug|Any CPU.Build.0 = Debug|Any CPU
		{EC093A06-3A4A-4225-BE70-38CE4954FD6F}.Release|Any CPU.ActiveCfg = Release|Any CPU
		{EC093A06-3A4A-4225-BE70-38CE4954FD6F}.Release|Any CPU.Build.0 = Release|Any CPU
	EndGlobalSection
EndGlobal
